
Microsoft Visual Studio Solution File, Format Version 12.00
# Visual Studio Version 17
VisualStudioVersion = 17.5.33530.505
MinimumVisualStudioVersion = 10.0.40219.1
Project("{FAE04EC0-301F-11D3-BF4B-00C04F79EFBC}") = "ProblemTests", "ProblemTests\ProblemTests.csproj", "{A34DD696-8D25-4704-AEF4-903DFD66511A}"
EndProject
Global
	GlobalSection(SolutionConfigurationPlatforms) = preSolution
		Debug|Any CPU = Debug|Any CPU
		Release|Any CPU = Release|Any CPU
	EndGlobalSection
	GlobalSection(ProjectConfigurationPlatforms) = postSolution
		{A34DD696-8D25-4704-AEF4-903DFD66511A}.Debug|Any CPU.ActiveCfg = Debug|Any CPU
		{A34DD696-8D25-4704-AEF4-903DFD66511A}.Debug|Any CPU.Build.0 = Debug|Any CPU
		{A34DD696-8D25-4704-AEF4-903DFD66511A}.Release|Any CPU.ActiveCfg = Release|Any CPU
		{A34DD696-8D25-4704-AEF4-903DFD66511A}.Release|Any CPU.Build.0 = Release|Any CPU
	EndGlobalSection
	GlobalSection(SolutionProperties) = preSolution
		HideSolutionNode = FALSE
	EndGlobalSection
	GlobalSection(ExtensibilityGlobals) = postSolution
		SolutionGuid = {6397BCE5-6B57-447A-8430-7C0E3DBCDDC6}
	EndGlobalSection
EndGlobal
